PODS:
  - Nimble (5.1.1)
  - Quick (0.10.0)
  - SwiftyUserDefaults (3.0.0)

DEPENDENCIES:
  - Nimble (~> 5.1.1)
  - Quick (~> 0.10.0)
  - SwiftyUserDefaults (~> 3.0.0)

SPEC CHECKSUMS:
  Nimble: 415e3aa3267e7bc2c96b05fa814ddea7bb686a29
  Quick: 5d290df1c69d5ee2f0729956dcf0fd9a30447eaa
  SwiftyUserDefaults: 0f1d45fc3aafb9064dac661e367f8f83fe21a4b4

PODFILE CHECKSUM: 51269a61a5f2d33be9750b0fe2e18a52d258a46e

COCOAPODS: 1.1.1
